
Microsoft Visual Studio Solution File, Format Version 12.00
# Visual Studio Version 16
VisualStudioVersion = 16.0.29306.81
MinimumVisualStudioVersion = 10.0.40219.1
Project("{8BC9CEB8-8B4A-11D0-8D11-00A0C91BC942}") = "BTbuoi4-nhom18", "BTbuoi4-nhom18\BTbuoi4-nhom18.vcxproj", "{5DED80A1-30E4-4FEB-ACF6-5715B0A9403F}"
EndProject
Project("{8BC9CEB8-8B4A-11D0-8D11-00A0C91BC942}") = "bai2", "bai2\bai2.vcxproj", "{EB519E9B-1AC3-4D54-A362-D8118B2B4BC7}"
EndProject
Project("{8BC9CEB8-8B4A-11D0-8D11-00A0C91BC942}") = "bai3", "bai3\bai3.vcxproj", "{CFD05A1B-ED53-414F-B202-D590327C6497}"
EndProject
Project("{8BC9CEB8-8B4A-11D0-8D11-00A0C91BC942}") = "bai4", "bai4\bai4.vcxproj", "{EC46D35E-D364-4D21-A2C9-9A0B2B5C880B}"
EndProject
Project("{8BC9CEB8-8B4A-11D0-8D11-00A0C91BC942}") = "bai5", "bai5\bai5.vcxproj", "{6D122212-9A64-440B-B2FD-2106BF72BE15}"
EndProject
Project("{8BC9CEB8-8B4A-11D0-8D11-00A0C91BC942}") = "bai6", "Project1\Project1.vcxproj", "{A9229C79-E6DA-4F63-994D-DCFA36E63DCE}"
EndProject
Project("{8BC9CEB8-8B4A-11D0-8D11-00A0C91BC942}") = "bai7", "Project2\Project2.vcxproj", "{37D2672D-5EB1-4D21-A321-943524025345}"
EndProject
Project("{8BC9CEB8-8B4A-11D0-8D11-00A0C91BC942}") = "bai8", "bai8\bai8.vcxproj", "{A94B6ED7-B7D9-4D29-99A5-2BBCC493FBE5}"
EndProject
Project("{8BC9CEB8-8B4A-11D0-8D11-00A0C91BC942}") = "bai9", "bai9\bai9.vcxproj", "{149C52C1-E585-4CA5-A163-BC8F33BAA558}"
EndProject
Project("{8BC9CEB8-8B4A-11D0-8D11-00A0C91BC942}") = "bai10", "Project3\Project3.vcxproj", "{FDCAACE1-C185-4C52-A80D-3A380374748B}"
EndProject
Project("{8BC9CEB8-8B4A-11D0-8D11-00A0C91BC942}") = "bai11", "bai11\bai11.vcxproj", "{984EB97D-3C43-4154-BA9B-4B1F36778E22}"
EndProject
Project("{8BC9CEB8-8B4A-11D0-8D11-00A0C91BC942}") = "bai12", "bai12\bai12.vcxproj", "{7336330C-5316-4E00-9172-283C1E7C259D}"
EndProject
Project("{8BC9CEB8-8B4A-11D0-8D11-00A0C91BC942}") = "bainangcao1", "bainangcao1\bainangcao1.vcxproj", "{E81445AB-7EDE-4DE4-8C31-1F18C8880817}"
EndProject
Project("{8BC9CEB8-8B4A-11D0-8D11-00A0C91BC942}") = "bainangcao2", "bainangcao2\bainangcao2.vcxproj", "{B9F0CF62-296A-4DDB-9418-4BFB266EE84C}"
EndProject
Project("{8BC9CEB8-8B4A-11D0-8D11-00A0C91BC942}") = "Project4", "Project4\Project4.vcxproj", "{2B891876-BF71-4EB1-A3C3-5BF9DAF60009}"
EndProject
Global
	GlobalSection(SolutionConfigurationPlatforms) = preSolution
		Debug|x64 = Debug|x64
		Debug|x86 = Debug|x86
		Release|x64 = Release|x64
		Release|x86 = Release|x86
	EndGlobalSection
	GlobalSection(ProjectConfigurationPlatforms) = postSolution
		{5DED80A1-30E4-4FEB-ACF6-5715B0A9403F}.Debug|x64.ActiveCfg = Debug|x64
		{5DED80A1-30E4-4FEB-ACF6-5715B0A9403F}.Debug|x64.Build.0 = Debug|x64
		{5DED80A1-30E4-4FEB-ACF6-5715B0A9403F}.Debug|x86.ActiveCfg = Debug|Win32
		{5DED80A1-30E4-4FEB-ACF6-5715B0A9403F}.Debug|x86.Build.0 = Debug|Win32
		{5DED80A1-30E4-4FEB-ACF6-5715B0A9403F}.Release|x64.ActiveCfg = Release|x64
		{5DED80A1-30E4-4FEB-ACF6-5715B0A9403F}.Release|x64.Build.0 = Release|x64
		{5DED80A1-30E4-4FEB-ACF6-5715B0A9403F}.Release|x86.ActiveCfg = Release|Win32
		{5DED80A1-30E4-4FEB-ACF6-5715B0A9403F}.Release|x86.Build.0 = Release|Win32
		{EB519E9B-1AC3-4D54-A362-D8118B2B4BC7}.Debug|x64.ActiveCfg = Debug|x64
		{EB519E9B-1AC3-4D54-A362-D8118B2B4BC7}.Debug|x64.Build.0 = Debug|x64
		{EB519E9B-1AC3-4D54-A362-D8118B2B4BC7}.Debug|x86.ActiveCfg = Debug|Win32
		{EB519E9B-1AC3-4D54-A362-D8118B2B4BC7}.Debug|x86.Build.0 = Debug|Win32
		{EB519E9B-1AC3-4D54-A362-D8118B2B4BC7}.Release|x64.ActiveCfg = Release|x64
		{EB519E9B-1AC3-4D54-A362-D8118B2B4BC7}.Release|x64.Build.0 = Release|x64
		{EB519E9B-1AC3-4D54-A362-D8118B2B4BC7}.Release|x86.ActiveCfg = Release|Win32
		{EB519E9B-1AC3-4D54-A362-D8118B2B4BC7}.Release|x86.Build.0 = Release|Win32
		{CFD05A1B-ED53-414F-B202-D590327C6497}.Debug|x64.ActiveCfg = Debug|x64
		{CFD05A1B-ED53-414F-B202-D590327C6497}.Debug|x64.Build.0 = Debug|x64
		{CFD05A1B-ED53-414F-B202-D590327C6497}.Debug|x86.ActiveCfg = Debug|Win32
		{CFD05A1B-ED53-414F-B202-D590327C6497}.Debug|x86.Build.0 = Debug|Win32
		{CFD05A1B-ED53-414F-B202-D590327C6497}.Release|x64.ActiveCfg = Release|x64
		{CFD05A1B-ED53-414F-B202-D590327C6497}.Release|x64.Build.0 = Release|x64
		{CFD05A1B-ED53-414F-B202-D590327C6497}.Release|x86.ActiveCfg = Release|Win32
		{CFD05A1B-ED53-414F-B202-D590327C6497}.Release|x86.Build.0 = Release|Win32
		{EC46D35E-D364-4D21-A2C9-9A0B2B5C880B}.Debug|x64.ActiveCfg = Debug|x64
		{EC46D35E-D364-4D21-A2C9-9A0B2B5C880B}.Debug|x64.Build.0 = Debug|x64
		{EC46D35E-D364-4D21-A2C9-9A0B2B5C880B}.Debug|x86.ActiveCfg = Debug|Win32
		{EC46D35E-D364-4D21-A2C9-9A0B2B5C880B}.Debug|x86.Build.0 = Debug|Win32
		{EC46D35E-D364-4D21-A2C9-9A0B2B5C880B}.Release|x64.ActiveCfg = Release|x64
		{EC46D35E-D364-4D21-A2C9-9A0B2B5C880B}.Release|x64.Build.0 = Release|x64
		{EC46D35E-D364-4D21-A2C9-9A0B2B5C880B}.Release|x86.ActiveCfg = Release|Win32
		{EC46D35E-D364-4D21-A2C9-9A0B2B5C880B}.Release|x86.Build.0 = Release|Win32
		{6D122212-9A64-440B-B2FD-2106BF72BE15}.Debug|x64.ActiveCfg = Debug|x64
		{6D122212-9A64-440B-B2FD-2106BF72BE15}.Debug|x64.Build.0 = Debug|x64
		{6D122212-9A64-440B-B2FD-2106BF72BE15}.Debug|x86.ActiveCfg = Debug|Win32
		{6D122212-9A64-440B-B2FD-2106BF72BE15}.Debug|x86.Build.0 = Debug|Win32
		{6D122212-9A64-440B-B2FD-2106BF72BE15}.Release|x64.ActiveCfg = Release|x64
		{6D122212-9A64-440B-B2FD-2106BF72BE15}.Release|x64.Build.0 = Release|x64
		{6D122212-9A64-440B-B2FD-2106BF72BE15}.Release|x86.ActiveCfg = Release|Win32
		{6D122212-9A64-440B-B2FD-2106BF72BE15}.Release|x86.Build.0 = Release|Win32
		{A9229C79-E6DA-4F63-994D-DCFA36E63DCE}.Debug|x64.ActiveCfg = Debug|x64
		{A9229C79-E6DA-4F63-994D-DCFA36E63DCE}.Debug|x64.Build.0 = Debug|x64
		{A9229C79-E6DA-4F63-994D-DCFA36E63DCE}.Debug|x86.ActiveCfg = Debug|Win32
		{A9229C79-E6DA-4F63-994D-DCFA36E63DCE}.Debug|x86.Build.0 = Debug|Win32
		{A9229C79-E6DA-4F63-994D-DCFA36E63DCE}.Release|x64.ActiveCfg = Release|x64
		{A9229C79-E6DA-4F63-994D-DCFA36E63DCE}.Release|x64.Build.0 = Release|x64
		{A9229C79-E6DA-4F63-994D-DCFA36E63DCE}.Release|x86.ActiveCfg = Release|Win32
		{A9229C79-E6DA-4F63-994D-DCFA36E63DCE}.Release|x86.Build.0 = Release|Win32
		{37D2672D-5EB1-4D21-A321-943524025345}.Debug|x64.ActiveCfg = Debug|x64
		{37D2672D-5EB1-4D21-A321-943524025345}.Debug|x64.Build.0 = Debug|x64
		{37D2672D-5EB1-4D21-A321-943524025345}.Debug|x86.ActiveCfg = Debug|Win32
		{37D2672D-5EB1-4D21-A321-943524025345}.Debug|x86.Build.0 = Debug|Win32
		{37D2672D-5EB1-4D21-A321-943524025345}.Release|x64.ActiveCfg = Release|x64
		{37D2672D-5EB1-4D21-A321-943524025345}.Release|x64.Build.0 = Release|x64
		{37D2672D-5EB1-4D21-A321-943524025345}.Release|x86.ActiveCfg = Release|Win32
		{37D2672D-5EB1-4D21-A321-943524025345}.Release|x86.Build.0 = Release|Win32
		{A94B6ED7-B7D9-4D29-99A5-2BBCC493FBE5}.Debug|x64.ActiveCfg = Debug|x64
		{A94B6ED7-B7D9-4D29-99A5-2BBCC493FBE5}.Debug|x64.Build.0 = Debug|x64
		{A94B6ED7-B7D9-4D29-99A5-2BBCC493FBE5}.Debug|x86.ActiveCfg = Debug|Win32
		{A94B6ED7-B7D9-4D29-99A5-2BBCC493FBE5}.Debug|x86.Build.0 = Debug|Win32
		{A94B6ED7-B7D9-4D29-99A5-2BBCC493FBE5}.Release|x64.ActiveCfg = Release|x64
		{A94B6ED7-B7D9-4D29-99A5-2BBCC493FBE5}.Release|x64.Build.0 = Release|x64
		{A94B6ED7-B7D9-4D29-99A5-2BBCC493FBE5}.Release|x86.ActiveCfg = Release|Win32
		{A94B6ED7-B7D9-4D29-99A5-2BBCC493FBE5}.Release|x86.Build.0 = Release|Win32
		{149C52C1-E585-4CA5-A163-BC8F33BAA558}.Debug|x64.ActiveCfg = Debug|x64
		{149C52C1-E585-4CA5-A163-BC8F33BAA558}.Debug|x64.Build.0 = Debug|x64
		{149C52C1-E585-4CA5-A163-BC8F33BAA558}.Debug|x86.ActiveCfg = Debug|Win32
		{149C52C1-E585-4CA5-A163-BC8F33BAA558}.Debug|x86.Build.0 = Debug|Win32
		{149C52C1-E585-4CA5-A163-BC8F33BAA558}.Release|x64.ActiveCfg = Release|x64
		{149C52C1-E585-4CA5-A163-BC8F33BAA558}.Release|x64.Build.0 = Release|x64
		{149C52C1-E585-4CA5-A163-BC8F33BAA558}.Release|x86.ActiveCfg = Release|Win32
		{149C52C1-E585-4CA5-A163-BC8F33BAA558}.Release|x86.Build.0 = Release|Win32
		{FDCAACE1-C185-4C52-A80D-3A380374748B}.Debug|x64.ActiveCfg = Debug|x64
		{FDCAACE1-C185-4C52-A80D-3A380374748B}.Debug|x64.Build.0 = Debug|x64
		{FDCAACE1-C185-4C52-A80D-3A380374748B}.Debug|x86.ActiveCfg = Debug|Win32
		{FDCAACE1-C185-4C52-A80D-3A380374748B}.Debug|x86.Build.0 = Debug|Win32
		{FDCAACE1-C185-4C52-A80D-3A380374748B}.Release|x64.ActiveCfg = Release|x64
		{FDCAACE1-C185-4C52-A80D-3A380374748B}.Release|x64.Build.0 = Release|x64
		{FDCAACE1-C185-4C52-A80D-3A380374748B}.Release|x86.ActiveCfg = Release|Win32
		{FDCAACE1-C185-4C52-A80D-3A380374748B}.Release|x86.Build.0 = Release|Win32
		{984EB97D-3C43-4154-BA9B-4B1F36778E22}.Debug|x64.ActiveCfg = Debug|x64
		{984EB97D-3C43-4154-BA9B-4B1F36778E22}.Debug|x64.Build.0 = Debug|x64
		{984EB97D-3C43-4154-BA9B-4B1F36778E22}.Debug|x86.ActiveCfg = Debug|Win32
		{984EB97D-3C43-4154-BA9B-4B1F36778E22}.Debug|x86.Build.0 = Debug|Win32
		{984EB97D-3C43-4154-BA9B-4B1F36778E22}.Release|x64.ActiveCfg = Release|x64
		{984EB97D-3C43-4154-BA9B-4B1F36778E22}.Release|x64.Build.0 = Release|x64
		{984EB97D-3C43-4154-BA9B-4B1F36778E22}.Release|x86.ActiveCfg = Release|Win32
		{984EB97D-3C43-4154-BA9B-4B1F36778E22}.Release|x86.Build.0 = Release|Win32
		{7336330C-5316-4E00-9172-283C1E7C259D}.Debug|x64.ActiveCfg = Debug|x64
		{7336330C-5316-4E00-9172-283C1E7C259D}.Debug|x64.Build.0 = Debug|x64
		{7336330C-5316-4E00-9172-283C1E7C259D}.Debug|x86.ActiveCfg = Debug|Win32
		{7336330C-5316-4E00-9172-283C1E7C259D}.Debug|x86.Build.0 = Debug|Win32
		{7336330C-5316-4E00-9172-283C1E7C259D}.Release|x64.ActiveCfg = Release|x64
		{7336330C-5316-4E00-9172-283C1E7C259D}.Release|x64.Build.0 = Release|x64
		{7336330C-5316-4E00-9172-283C1E7C259D}.Release|x86.ActiveCfg = Release|Win32
		{7336330C-5316-4E00-9172-283C1E7C259D}.Release|x86.Build.0 = Release|Win32
		{E81445AB-7EDE-4DE4-8C31-1F18C8880817}.Debug|x64.ActiveCfg = Debug|x64
		{E81445AB-7EDE-4DE4-8C31-1F18C8880817}.Debug|x64.Build.0 = Debug|x64
		{E81445AB-7EDE-4DE4-8C31-1F18C8880817}.Debug|x86.ActiveCfg = Debug|Win32
		{E81445AB-7EDE-4DE4-8C31-1F18C8880817}.Debug|x86.Build.0 = Debug|Win32
		{E81445AB-7EDE-4DE4-8C31-1F18C8880817}.Release|x64.ActiveCfg = Release|x64
		{E81445AB-7EDE-4DE4-8C31-1F18C8880817}.Release|x64.Build.0 = Release|x64
		{E81445AB-7EDE-4DE4-8C31-1F18C8880817}.Release|x86.ActiveCfg = Release|Win32
		{E81445AB-7EDE-4DE4-8C31-1F18C8880817}.Release|x86.Build.0 = Release|Win32
		{B9F0CF62-296A-4DDB-9418-4BFB266EE84C}.Debug|x64.ActiveCfg = Debug|x64
		{B9F0CF62-296A-4DDB-9418-4BFB266EE84C}.Debug|x64.Build.0 = Debug|x64
		{B9F0CF62-296A-4DDB-9418-4BFB266EE84C}.Debug|x86.ActiveCfg = Debug|Win32
		{B9F0CF62-296A-4DDB-9418-4BFB266EE84C}.Debug|x86.Build.0 = Debug|Win32
		{B9F0CF62-296A-4DDB-9418-4BFB266EE84C}.Release|x64.ActiveCfg = Release|x64
		{B9F0CF62-296A-4DDB-9418-4BFB266EE84C}.Release|x64.Build.0 = Release|x64
		{B9F0CF62-296A-4DDB-9418-4BFB266EE84C}.Release|x86.ActiveCfg = Release|Win32
		{B9F0CF62-296A-4DDB-9418-4BFB266EE84C}.Release|x86.Build.0 = Release|Win32
		{2B891876-BF71-4EB1-A3C3-5BF9DAF60009}.Debug|x64.ActiveCfg = Debug|x64
		{2B891876-BF71-4EB1-A3C3-5BF9DAF60009}.Debug|x64.Build.0 = Debug|x64
		{2B891876-BF71-4EB1-A3C3-5BF9DAF60009}.Debug|x86.ActiveCfg = Debug|Win32
		{2B891876-BF71-4EB1-A3C3-5BF9DAF60009}.Debug|x86.Build.0 = Debug|Win32
		{2B891876-BF71-4EB1-A3C3-5BF9DAF60009}.Release|x64.ActiveCfg = Release|x64
		{2B891876-BF71-4EB1-A3C3-5BF9DAF60009}.Release|x64.Build.0 = Release|x64
		{2B891876-BF71-4EB1-A3C3-5BF9DAF60009}.Release|x86.ActiveCfg = Release|Win32
		{2B891876-BF71-4EB1-A3C3-5BF9DAF60009}.Release|x86.Build.0 = Release|Win32
	EndGlobalSection
	GlobalSection(SolutionProperties) = preSolution
		HideSolutionNode = FALSE
	EndGlobalSection
	GlobalSection(ExtensibilityGlobals) = postSolution
		SolutionGuid = {B1E793E6-B74C-435D-A401-B71EAF0A3C81}
	EndGlobalSection
EndGlobal
