
Microsoft Visual Studio Solution File, Format Version 12.00
# Visual Studio Version 16
VisualStudioVersion = 16.0.30011.22
MinimumVisualStudioVersion = 10.0.40219.1
Project("{FAE04EC0-301F-11D3-BF4B-00C04F79EFBC}") = "WindowsFormsApp1", "WindowsFormsApp1\WindowsFormsApp1.csproj", "{947D7F54-813F-4681-94C1-25772BF20129}"
EndProject
Global
	GlobalSection(SolutionConfigurationPlatforms) = preSolution
		Debug|Any CPU = Debug|Any CPU
		Release|Any CPU = Release|Any CPU
	EndGlobalSection
	GlobalSection(ProjectConfigurationPlatforms) = postSolution
		{947D7F54-813F-4681-94C1-25772BF20129}.Debug|Any CPU.ActiveCfg = Debug|Any CPU
		{947D7F54-813F-4681-94C1-25772BF20129}.Debug|Any CPU.Build.0 = Debug|Any CPU
		{947D7F54-813F-4681-94C1-25772BF20129}.Release|Any CPU.ActiveCfg = Release|Any CPU
		{947D7F54-813F-4681-94C1-25772BF20129}.Release|Any CPU.Build.0 = Release|Any CPU
	EndGlobalSection
	GlobalSection(SolutionProperties) = preSolution
		HideSolutionNode = FALSE
	EndGlobalSection
	GlobalSection(ExtensibilityGlobals) = postSolution
		SolutionGuid = {A0CB7BBD-3365-45BC-962D-09ADF8CB2E73}
	EndGlobalSection
EndGlobal
